
Microsoft Visual Studio Solution File, Format Version 12.00
# Visual Studio Version 17
VisualStudioVersion = 17.2.32630.192
MinimumVisualStudioVersion = 10.0.40219.1
Project("{2150E333-8FDC-42A3-9474-1A3956D46DE8}") = "1-20", "1-20", "{AC7BBF70-F899-4EE5-A681-64AF17371147}"
EndProject
Project("{9A19103F-16F7-4668-BE54-9A1E7A4F7556}") = "3. Longest Substring Without Repeating Characters", "1-20\3. Longest Substring Without Repeating Characters\3. Longest Substring Without Repeating Characters.csproj", "{EC16B9E9-5EFC-44BA-83D4-02D5DDEC7F9A}"
EndProject
Project("{2150E333-8FDC-42A3-9474-1A3956D46DE8}") = "121-140", "121-140", "{9DE5B79A-8F37-498F-9D52-C2058223B1F9}"
EndProject
Project("{9A19103F-16F7-4668-BE54-9A1E7A4F7556}") = "11. Container With Most Water", "1-20\11. Container With Most Water\11. Container With Most Water.csproj", "{B8687BC9-AD7A-4685-A29D-E842C0BC9E6C}"
EndProject
Project("{9A19103F-16F7-4668-BE54-9A1E7A4F7556}") = "121. Best Time to Buy and Sell Stock", "121-140\121. Best Time to Buy and Sell Stock\121. Best Time to Buy and Sell Stock.csproj", "{101E78CF-6FDF-4BC9-A605-95D739A4BC94}"
EndProject
Project("{2150E333-8FDC-42A3-9474-1A3956D46DE8}") = "421-440", "421-440", "{1F73E744-8117-4699-B36B-F2782CB290DA}"
EndProject
Project("{9A19103F-16F7-4668-BE54-9A1E7A4F7556}") = "424. Longest Repeating Character Replacement", "421-440\424. Longest Repeating Character Replacement\424. Longest Repeating Character Replacement.csproj", "{21EE548E-5981-475C-A4B2-44920DFDDF20}"
EndProject
Project("{2150E333-8FDC-42A3-9474-1A3956D46DE8}") = "561-580", "561-580", "{0EF37512-2A1B-435B-97AA-59BC7596A934}"
EndProject
Project("{9A19103F-16F7-4668-BE54-9A1E7A4F7556}") = "567. Permutation in String", "561-580\567. Permutation in String\567. Permutation in String.csproj", "{E36B1BA0-2CC5-4652-86B6-26E66F03FC6E}"
EndProject
Project("{2150E333-8FDC-42A3-9474-1A3956D46DE8}") = "141-160", "141-160", "{D7BE9C8A-F9AF-4D3B-BFBA-9BE2B5EE5F26}"
EndProject
Project("{9A19103F-16F7-4668-BE54-9A1E7A4F7556}") = "155. Min Stack", "141-160\155. Min Stack\155. Min Stack.csproj", "{F67D9E05-5589-4D48-866A-6203DE8779EC}"
EndProject
Project("{9A19103F-16F7-4668-BE54-9A1E7A4F7556}") = "150. Evaluate Reverse Polish Notation", "141-160\150. Evaluate Reverse Polish Notation\150. Evaluate Reverse Polish Notation.csproj", "{31FCE1D2-75F6-4D92-BDE2-1A962F7D3EF2}"
EndProject
Project("{2150E333-8FDC-42A3-9474-1A3956D46DE8}") = "721-740", "721-740", "{6835CF29-E994-4FFC-AEC4-48C4F04FE04D}"
EndProject
Project("{9A19103F-16F7-4668-BE54-9A1E7A4F7556}") = "739. Daily Temperatures", "721-740\739. Daily Temperatures\739. Daily Temperatures.csproj", "{BBCC185B-245E-4041-A734-226A215CCB45}"
EndProject
Project("{2150E333-8FDC-42A3-9474-1A3956D46DE8}") = "841-860", "841-860", "{68ED4BF2-00BB-4C74-8B64-0010A3C7F1A3}"
EndProject
Project("{9A19103F-16F7-4668-BE54-9A1E7A4F7556}") = "853. Car Fleet", "841-860\853. Car Fleet\853. Car Fleet.csproj", "{DC204E66-9A03-4F69-80BD-76B166CD40BC}"
EndProject
Project("{FAE04EC0-301F-11D3-BF4B-00C04F79EFBC}") = "1. Two Sum", "1-20\1. Two Sum\1. Two Sum.csproj", "{B44E57BC-26D5-4318-AB18-97ACD12C4CDA}"
EndProject
Global
	GlobalSection(SolutionConfigurationPlatforms) = preSolution
		Debug|Any CPU = Debug|Any CPU
		Release|Any CPU = Release|Any CPU
	EndGlobalSection
	GlobalSection(ProjectConfigurationPlatforms) = postSolution
		{EC16B9E9-5EFC-44BA-83D4-02D5DDEC7F9A}.Debug|Any CPU.ActiveCfg = Debug|Any CPU
		{EC16B9E9-5EFC-44BA-83D4-02D5DDEC7F9A}.Debug|Any CPU.Build.0 = Debug|Any CPU
		{EC16B9E9-5EFC-44BA-83D4-02D5DDEC7F9A}.Release|Any CPU.ActiveCfg = Release|Any CPU
		{EC16B9E9-5EFC-44BA-83D4-02D5DDEC7F9A}.Release|Any CPU.Build.0 = Release|Any CPU
		{B8687BC9-AD7A-4685-A29D-E842C0BC9E6C}.Debug|Any CPU.ActiveCfg = Debug|Any CPU
		{B8687BC9-AD7A-4685-A29D-E842C0BC9E6C}.Debug|Any CPU.Build.0 = Debug|Any CPU
		{B8687BC9-AD7A-4685-A29D-E842C0BC9E6C}.Release|Any CPU.ActiveCfg = Release|Any CPU
		{B8687BC9-AD7A-4685-A29D-E842C0BC9E6C}.Release|Any CPU.Build.0 = Release|Any CPU
		{101E78CF-6FDF-4BC9-A605-95D739A4BC94}.Debug|Any CPU.ActiveCfg = Debug|Any CPU
		{101E78CF-6FDF-4BC9-A605-95D739A4BC94}.Debug|Any CPU.Build.0 = Debug|Any CPU
		{101E78CF-6FDF-4BC9-A605-95D739A4BC94}.Release|Any CPU.ActiveCfg = Release|Any CPU
		{101E78CF-6FDF-4BC9-A605-95D739A4BC94}.Release|Any CPU.Build.0 = Release|Any CPU
		{21EE548E-5981-475C-A4B2-44920DFDDF20}.Debug|Any CPU.ActiveCfg = Debug|Any CPU
		{21EE548E-5981-475C-A4B2-44920DFDDF20}.Debug|Any CPU.Build.0 = Debug|Any CPU
		{21EE548E-5981-475C-A4B2-44920DFDDF20}.Release|Any CPU.ActiveCfg = Release|Any CPU
		{21EE548E-5981-475C-A4B2-44920DFDDF20}.Release|Any CPU.Build.0 = Release|Any CPU
		{E36B1BA0-2CC5-4652-86B6-26E66F03FC6E}.Debug|Any CPU.ActiveCfg = Debug|Any CPU
		{E36B1BA0-2CC5-4652-86B6-26E66F03FC6E}.Debug|Any CPU.Build.0 = Debug|Any CPU
		{E36B1BA0-2CC5-4652-86B6-26E66F03FC6E}.Release|Any CPU.ActiveCfg = Release|Any CPU
		{E36B1BA0-2CC5-4652-86B6-26E66F03FC6E}.Release|Any CPU.Build.0 = Release|Any CPU
		{F67D9E05-5589-4D48-866A-6203DE8779EC}.Debug|Any CPU.ActiveCfg = Debug|Any CPU
		{F67D9E05-5589-4D48-866A-6203DE8779EC}.Debug|Any CPU.Build.0 = Debug|Any CPU
		{F67D9E05-5589-4D48-866A-6203DE8779EC}.Release|Any CPU.ActiveCfg = Release|Any CPU
		{F67D9E05-5589-4D48-866A-6203DE8779EC}.Release|Any CPU.Build.0 = Release|Any CPU
		{31FCE1D2-75F6-4D92-BDE2-1A962F7D3EF2}.Debug|Any CPU.ActiveCfg = Debug|Any CPU
		{31FCE1D2-75F6-4D92-BDE2-1A962F7D3EF2}.Debug|Any CPU.Build.0 = Debug|Any CPU
		{31FCE1D2-75F6-4D92-BDE2-1A962F7D3EF2}.Release|Any CPU.ActiveCfg = Release|Any CPU
		{31FCE1D2-75F6-4D92-BDE2-1A962F7D3EF2}.Release|Any CPU.Build.0 = Release|Any CPU
		{BBCC185B-245E-4041-A734-226A215CCB45}.Debug|Any CPU.ActiveCfg = Debug|Any CPU
		{BBCC185B-245E-4041-A734-226A215CCB45}.Debug|Any CPU.Build.0 = Debug|Any CPU
		{BBCC185B-245E-4041-A734-226A215CCB45}.Release|Any CPU.ActiveCfg = Release|Any CPU
		{BBCC185B-245E-4041-A734-226A215CCB45}.Release|Any CPU.Build.0 = Release|Any CPU
		{DC204E66-9A03-4F69-80BD-76B166CD40BC}.Debug|Any CPU.ActiveCfg = Debug|Any CPU
		{DC204E66-9A03-4F69-80BD-76B166CD40BC}.Debug|Any CPU.Build.0 = Debug|Any CPU
		{DC204E66-9A03-4F69-80BD-76B166CD40BC}.Release|Any CPU.ActiveCfg = Release|Any CPU
		{DC204E66-9A03-4F69-80BD-76B166CD40BC}.Release|Any CPU.Build.0 = Release|Any CPU
		{B44E57BC-26D5-4318-AB18-97ACD12C4CDA}.Debug|Any CPU.ActiveCfg = Debug|Any CPU
		{B44E57BC-26D5-4318-AB18-97ACD12C4CDA}.Debug|Any CPU.Build.0 = Debug|Any CPU
		{B44E57BC-26D5-4318-AB18-97ACD12C4CDA}.Release|Any CPU.ActiveCfg = Release|Any CPU
		{B44E57BC-26D5-4318-AB18-97ACD12C4CDA}.Release|Any CPU.Build.0 = Release|Any CPU
	EndGlobalSection
	GlobalSection(SolutionProperties) = preSolution
		HideSolutionNode = FALSE
	EndGlobalSection
	GlobalSection(NestedProjects) = preSolution
		{EC16B9E9-5EFC-44BA-83D4-02D5DDEC7F9A} = {AC7BBF70-F899-4EE5-A681-64AF17371147}
		{B8687BC9-AD7A-4685-A29D-E842C0BC9E6C} = {AC7BBF70-F899-4EE5-A681-64AF17371147}
		{101E78CF-6FDF-4BC9-A605-95D739A4BC94} = {9DE5B79A-8F37-498F-9D52-C2058223B1F9}
		{21EE548E-5981-475C-A4B2-44920DFDDF20} = {1F73E744-8117-4699-B36B-F2782CB290DA}
		{E36B1BA0-2CC5-4652-86B6-26E66F03FC6E} = {0EF37512-2A1B-435B-97AA-59BC7596A934}
		{F67D9E05-5589-4D48-866A-6203DE8779EC} = {D7BE9C8A-F9AF-4D3B-BFBA-9BE2B5EE5F26}
		{31FCE1D2-75F6-4D92-BDE2-1A962F7D3EF2} = {D7BE9C8A-F9AF-4D3B-BFBA-9BE2B5EE5F26}
		{BBCC185B-245E-4041-A734-226A215CCB45} = {6835CF29-E994-4FFC-AEC4-48C4F04FE04D}
		{DC204E66-9A03-4F69-80BD-76B166CD40BC} = {68ED4BF2-00BB-4C74-8B64-0010A3C7F1A3}
		{B44E57BC-26D5-4318-AB18-97ACD12C4CDA} = {AC7BBF70-F899-4EE5-A681-64AF17371147}
	EndGlobalSection
	GlobalSection(ExtensibilityGlobals) = postSolution
		SolutionGuid = {325CD234-752E-4A20-979B-D359A21CD3E9}
	EndGlobalSection
EndGlobal
